# This file is automatically @generated by Cargo.
# It is not intended for manual editing.
version = 4

[[package]]
name = "typeweaver-bench"
version = "0.1.0"
dependencies = [
 "typeweaver-core",
 "typeweaver-registry",
 "typeweaver-render",
]

[[package]]
name = "typeweaver-cli"
version = "0.1.0"
dependencies = [
 "typeweaver-bench",
 "typeweaver-core",
 "typeweaver-registry",
 "typeweaver-render",
]

[[package]]
name = "typeweaver-core"
version = "0.1.0"

[[package]]
name = "typeweaver-registry"
version = "0.1.0"
dependencies = [
 "typeweaver-core",
]

[[package]]
name = "typeweaver-render"
version = "0.1.0"
dependencies = [
 "typeweaver-core",
]
